
Microsoft Visual Studio Solution File, Format Version 12.00
# Visual Studio Version 17
VisualStudioVersion = 17.9.34701.34
MinimumVisualStudioVersion = 10.0.40219.1
Project("{FAE04EC0-301F-11D3-BF4B-00C04F79EFBC}") = "EntityManagement.Test", "EntityManagement.Test\EntityManagement.Test.csproj", "{C112CB9C-CDD6-41C0-8D4E-530A1CC18339}"
EndProject
Project("{FAE04EC0-301F-11D3-BF4B-00C04F79EFBC}") = "EntityManagement.API", "EntityManagement.API\EntityManagement.API.csproj", "{B6B8389A-6150-4549-9C6E-FDC668F1591F}"
EndProject
Global
	GlobalSection(SolutionConfigurationPlatforms) = preSolution
		Debug|Any CPU = Debug|Any CPU
		Release|Any CPU = Release|Any CPU
	EndGlobalSection
	GlobalSection(ProjectConfigurationPlatforms) = postSolution
		{C112CB9C-CDD6-41C0-8D4E-530A1CC18339}.Debug|Any CPU.ActiveCfg = Debug|Any CPU
		{C112CB9C-CDD6-41C0-8D4E-530A1CC18339}.Debug|Any CPU.Build.0 = Debug|Any CPU
		{C112CB9C-CDD6-41C0-8D4E-530A1CC18339}.Release|Any CPU.ActiveCfg = Release|Any CPU
		{C112CB9C-CDD6-41C0-8D4E-530A1CC18339}.Release|Any CPU.Build.0 = Release|Any CPU
		{B6B8389A-6150-4549-9C6E-FDC668F1591F}.Debug|Any CPU.ActiveCfg = Debug|Any CPU
		{B6B8389A-6150-4549-9C6E-FDC668F1591F}.Debug|Any CPU.Build.0 = Debug|Any CPU
		{B6B8389A-6150-4549-9C6E-FDC668F1591F}.Release|Any CPU.ActiveCfg = Release|Any CPU
		{B6B8389A-6150-4549-9C6E-FDC668F1591F}.Release|Any CPU.Build.0 = Release|Any CPU
	EndGlobalSection
	GlobalSection(SolutionProperties) = preSolution
		HideSolutionNode = FALSE
	EndGlobalSection
	GlobalSection(ExtensibilityGlobals) = postSolution
		SolutionGuid = {51880163-70E8-41A6-A382-E52B80693723}
	EndGlobalSection
EndGlobal
