
Microsoft Visual Studio Solution File, Format Version 12.00
# Visual Studio Version 17
VisualStudioVersion = 17.5.002.0
	MinimumVisualStudioVersion = 10.0.40219.1tit
	Project("{9A19103F-16F7-4668-BE54-9A1E7A4F7556}") = "EntityManagementAPI", "EntityManagementAPI.csproj", "{CF846856-3BF8-4A1F-BA61-2ADA0ABE6E56}"
	EndProject
	Global
		GlobalSection(SolutionConfigurationPlatforms) = preSolution
			Debug|Any CPU = Debug|Any CPU
			Release|Any CPU = Release|Any CPU
		EndGlobalSection
		GlobalSection(ProjectConfigurationPlatforms) = postSolution
			{CF846856-3BF8-4A1F-BA61-2ADA0ABE6E56}.Debug|Any CPU.ActiveCfg = Debug|Any CPU
			{CF846856-3BF8-4A1F-BA61-2ADA0ABE6E56}.Debug|Any CPU.Build.0 = Debug|Any CPU
			{CF846856-3BF8-4A1F-BA61-2ADA0ABE6E56}.Release|Any CPU.ActiveCfg = Release|Any CPU
			{CF846856-3BF8-4A1F-BA61-2ADA0ABE6E56}.Release|Any CPU.Build.0 = Release|Any CPU
		EndGlobalSection
		GlobalSection(SolutionProperties) = preSolution
			HideSolutionNode = FALSE
		EndGlobalSection
		GlobalSection(ExtensibilityGlobals) = postSolution
			SolutionGuid = {E2B3F8E0-C8E6-4117-AC72-D8773635F801}
		EndGlobalSection
	EndGlobal
